
Microsoft Visual Studio Solution File, Format Version 12.00
# Visual Studio Version 16
VisualStudioVersion = 16.0.30503.244
MinimumVisualStudioVersion = 10.0.40219.1
Project("{FAE04EC0-301F-11D3-BF4B-00C04F79EFBC}") = "Bitcoin", "Bitcoin\Bitcoin.csproj", "{19AA62A4-1DA9-4E68-99C4-0377ADFA6626}"
EndProject
Global
	GlobalSection(SolutionConfigurationPlatforms) = preSolution
		Debug|Any CPU = Debug|Any CPU
		Release|Any CPU = Release|Any CPU
	EndGlobalSection
	GlobalSection(ProjectConfigurationPlatforms) = postSolution
		{19AA62A4-1DA9-4E68-99C4-0377ADFA6626}.Debug|Any CPU.ActiveCfg = Debug|Any CPU
		{19AA62A4-1DA9-4E68-99C4-0377ADFA6626}.Debug|Any CPU.Build.0 = Debug|Any CPU
		{19AA62A4-1DA9-4E68-99C4-0377ADFA6626}.Release|Any CPU.ActiveCfg = Release|Any CPU
		{19AA62A4-1DA9-4E68-99C4-0377ADFA6626}.Release|Any CPU.Build.0 = Release|Any CPU
	EndGlobalSection
	GlobalSection(SolutionProperties) = preSolution
		HideSolutionNode = FALSE
	EndGlobalSection
	GlobalSection(ExtensibilityGlobals) = postSolution
		SolutionGuid = {DF563E04-9827-4052-A108-802E0D8ABABA}
	EndGlobalSection
EndGlobal
